PODS:
  - Expecta (1.0.6)
  - UICountingLabel (1.2.0)

DEPENDENCIES:
  - Expecta
  - UICountingLabel (~> 1.2.0)

SPEC REPOS:
  https://github.com/cocoapods/specs.git:
    - Expecta
    - UICountingLabel

SPEC CHECKSUMS:
  Expecta: 3b6bd90a64b9a1dcb0b70aa0e10a7f8f631667d5
  UICountingLabel: 1db4e7d023e1762171eb226d6dff47a7a84f27aa

PODFILE CHECKSUM: 0700d0266f6f51764e796936ddd155632972796c

COCOAPODS: 1.5.3
